
Microsoft Visual Studio Solution File, Format Version 12.00
# Visual Studio Version 16
VisualStudioVersion = 25.0.1700.6
MinimumVisualStudioVersion = 10.0.40219.1
Project("{FAE04EC0-301F-11D3-BF4B-00C04F79EFBC}") = "PlaygroundCLI", "PlaygroundCLI\PlaygroundCLI.csproj", "{C804C18E-BB71-479E-8D87-AA3DCAAA862F}"
EndProject
Project("{FAE04EC0-301F-11D3-BF4B-00C04F79EFBC}") = "Pact.Consumer", "Pact.Consumer\Pact.Consumer.csproj", "{55494A17-4821-4C72-9BF4-4E4B1774F1E4}"
EndProject
Project("{FAE04EC0-301F-11D3-BF4B-00C04F79EFBC}") = "SpiritAnimalBackend", "SpiritAnimalBackend\SpiritAnimalBackend.csproj", "{550E6817-0AA6-44B1-AA21-8BA1685F5213}"
EndProject
Project("{FAE04EC0-301F-11D3-BF4B-00C04F79EFBC}") = "Pact.Provider", "Pact.Provider\Pact.Provider.csproj", "{7DE0070B-813E-4A1E-B8FE-E3976129454A}"
EndProject
Global
	GlobalSection(SolutionConfigurationPlatforms) = preSolution
		Debug|Any CPU = Debug|Any CPU
		Release|Any CPU = Release|Any CPU
	EndGlobalSection
	GlobalSection(ProjectConfigurationPlatforms) = postSolution
		{C804C18E-BB71-479E-8D87-AA3DCAAA862F}.Debug|Any CPU.ActiveCfg = Debug|Any CPU
		{C804C18E-BB71-479E-8D87-AA3DCAAA862F}.Debug|Any CPU.Build.0 = Debug|Any CPU
		{C804C18E-BB71-479E-8D87-AA3DCAAA862F}.Release|Any CPU.ActiveCfg = Release|Any CPU
		{C804C18E-BB71-479E-8D87-AA3DCAAA862F}.Release|Any CPU.Build.0 = Release|Any CPU
		{55494A17-4821-4C72-9BF4-4E4B1774F1E4}.Debug|Any CPU.ActiveCfg = Debug|Any CPU
		{55494A17-4821-4C72-9BF4-4E4B1774F1E4}.Debug|Any CPU.Build.0 = Debug|Any CPU
		{55494A17-4821-4C72-9BF4-4E4B1774F1E4}.Release|Any CPU.ActiveCfg = Release|Any CPU
		{55494A17-4821-4C72-9BF4-4E4B1774F1E4}.Release|Any CPU.Build.0 = Release|Any CPU
		{550E6817-0AA6-44B1-AA21-8BA1685F5213}.Debug|Any CPU.ActiveCfg = Debug|Any CPU
		{550E6817-0AA6-44B1-AA21-8BA1685F5213}.Debug|Any CPU.Build.0 = Debug|Any CPU
		{550E6817-0AA6-44B1-AA21-8BA1685F5213}.Release|Any CPU.ActiveCfg = Release|Any CPU
		{550E6817-0AA6-44B1-AA21-8BA1685F5213}.Release|Any CPU.Build.0 = Release|Any CPU
		{7DE0070B-813E-4A1E-B8FE-E3976129454A}.Debug|Any CPU.ActiveCfg = Debug|Any CPU
		{7DE0070B-813E-4A1E-B8FE-E3976129454A}.Debug|Any CPU.Build.0 = Debug|Any CPU
		{7DE0070B-813E-4A1E-B8FE-E3976129454A}.Release|Any CPU.ActiveCfg = Release|Any CPU
		{7DE0070B-813E-4A1E-B8FE-E3976129454A}.Release|Any CPU.Build.0 = Release|Any CPU
	EndGlobalSection
	GlobalSection(SolutionProperties) = preSolution
		HideSolutionNode = FALSE
	EndGlobalSection
	GlobalSection(ExtensibilityGlobals) = postSolution
		SolutionGuid = {2F6356A9-B18C-4137-9C95-A4DC480E0A24}
	EndGlobalSection
	GlobalSection(MonoDevelopProperties) = preSolution
		BaseDirectory = API
	EndGlobalSection
EndGlobal
